
Microsoft Visual Studio Solution File, Format Version 12.00
# Visual Studio Version 17
VisualStudioVersion = 17.9.34701.34
MinimumVisualStudioVersion = 10.0.40219.1
Project("{FAE04EC0-301F-11D3-BF4B-00C04F79EFBC}") = "D00_Utility", "D00_Utility\D00_Utility.csproj", "{F3B0CF8A-75A9-4723-96CE-51462761B3D2}"
EndProject
Project("{FAE04EC0-301F-11D3-BF4B-00C04F79EFBC}") = "D01_Enum", "D01_Enum\D01_Enum.csproj", "{1020C8A5-3B32-4443-ADA7-C09678972CD7}"
EndProject
Project("{FAE04EC0-301F-11D3-BF4B-00C04F79EFBC}") = "D02_OOP_Encapsulation", "D02_OOP_Encapsulation\D02_OOP_Encapsulation.csproj", "{8B6B1E36-F0BA-4F98-83BE-793757C00AA0}"
EndProject
Project("{FAE04EC0-301F-11D3-BF4B-00C04F79EFBC}") = "D04_OOP_Polymorphism", "D04_OOP_Polymorphism\D04_OOP_Polymorphism.csproj", "{C316DB08-EB1B-4100-94D7-A86CA638A753}"
EndProject
Project("{FAE04EC0-301F-11D3-BF4B-00C04F79EFBC}") = "D05_OOP_Abstraction", "D05_OOP_Abstraction\D05_OOP_Abstraction.csproj", "{B67B8449-0BB7-4AB6-92AA-4E8F5C302BA7}"
EndProject
Project("{FAE04EC0-301F-11D3-BF4B-00C04F79EFBC}") = "D06_OOP_Interfaces", "D06_OOP_Interfaces\D06_OOP_Interfaces.csproj", "{C17D3294-2592-4B16-99D7-E379B50E6DDA}"
EndProject
Project("{FAE04EC0-301F-11D3-BF4B-00C04F79EFBC}") = "E01_OOP_Vehicle_PauloMelo_v03", "E01_OOP_Vehicle_PauloMelo_v03\E01_OOP_Vehicle_PauloMelo_v03.csproj", "{8391F2DD-E42D-4E91-AEA5-08AAB27F8C5F}"
EndProject
Project("{FAE04EC0-301F-11D3-BF4B-00C04F79EFBC}") = "D08_CollectionsGeneric_Constraints", "D08_CollectionsGeneric_Constraints\D08_CollectionsGeneric_Constraints\D08_CollectionsGeneric_Constraints.csproj", "{2CC02468-D1AE-4237-AFD7-A2F446972BCC}"
EndProject
Project("{FAE04EC0-301F-11D3-BF4B-00C04F79EFBC}") = "D07_CollectionsGeneric_IEnumerable", "D07_CollectionsGeneric_IEnumerable\D07_CollectionsGeneric_IEnumerable\D07_CollectionsGeneric_IEnumerable.csproj", "{3B76E3BB-83DF-4BA9-ACC4-A8494F10EA5E}"
EndProject
Project("{FAE04EC0-301F-11D3-BF4B-00C04F79EFBC}") = "D09_LINQ", "D09_LINQ\D09_LINQ.csproj", "{23A51B86-532C-425F-9AF9-31DB66D1CBCA}"
EndProject
Project("{FAE04EC0-301F-11D3-BF4B-00C04F79EFBC}") = "E02_LINQ_LinqToObjects", "E02_LINQ_LinqToObjects\E02_LINQ_LinqToObjects.csproj", "{93731CA4-5511-442A-90D1-5ED62597C9FF}"
EndProject
Project("{FAE04EC0-301F-11D3-BF4B-00C04F79EFBC}") = "E03_LINQ_LinqMethods", "E03_LINQ_LinqMethods\E03_LINQ_LinqMethods.csproj", "{A87C2172-BEB5-4BAD-BA36-81D0E451326E}"
EndProject
Project("{FAE04EC0-301F-11D3-BF4B-00C04F79EFBC}") = "D03_OOP_Inheritance", "D03_OOP_Inheritance\D03_OOP_Inheritance.csproj", "{AE42AD6C-A5D5-4DB4-935C-4BCC5F1E1176}"
EndProject
Project("{FAE04EC0-301F-11D3-BF4B-00C04F79EFBC}") = "D10_CSharpAdvanced_Delegates", "D15_CSharpAdvanced_Delegates\D10_CSharpAdvanced_Delegates.csproj", "{B368C5FA-3395-4ECA-B1C6-08918278C41D}"
EndProject
Project("{FAE04EC0-301F-11D3-BF4B-00C04F79EFBC}") = "D11_CSharpAdvanced_Events", "D16_CSharpAdvanced_Events\D11_CSharpAdvanced_Events.csproj", "{EADB02C1-A1AF-4757-B8A0-DF0CEFE33CB7}"
EndProject
Project("{FAE04EC0-301F-11D3-BF4B-00C04F79EFBC}") = "D12_CSharpAdvanced_Lambda", "D17_CSharpAdvanced_Lambda\D12_CSharpAdvanced_Lambda.csproj", "{13ABE509-B50B-4F0C-BE84-876F190EC065}"
EndProject
Project("{FAE04EC0-301F-11D3-BF4B-00C04F79EFBC}") = "D13_CSharpAdvanced_ExtensionMethods", "D19_CSharpAdvanced_ExtensionMethods\D13_CSharpAdvanced_ExtensionMethods.csproj", "{9B1CCC0E-1EDB-4459-937E-A78E24D6BFE8}"
EndProject
Project("{FAE04EC0-301F-11D3-BF4B-00C04F79EFBC}") = "D14_CSharpAdvanced_Nullable", "D20_CSharpAdvanced_Nullable\D14_CSharpAdvanced_Nullable.csproj", "{C461826C-58ED-4338-8B75-1111B24B9D2B}"
EndProject
Project("{FAE04EC0-301F-11D3-BF4B-00C04F79EFBC}") = "D15_CSharpAdvanced_Async", "D21_CSharpAdvanced_Async\D15_CSharpAdvanced_Async.csproj", "{005D0AF5-CFC7-40F0-8992-1AA2F903B392}"
EndProject
Project("{FAE04EC0-301F-11D3-BF4B-00C04F79EFBC}") = "D16_FuncionalidadesRecentes_ValueTuples", "D16_FuncionalidadesRecentes_ValueTuples\D16_FuncionalidadesRecentes_ValueTuples.csproj", "{A8FC9D28-E91D-4FAF-9BF4-0144F0D004AD}"
EndProject
Project("{FAE04EC0-301F-11D3-BF4B-00C04F79EFBC}") = "D17_FuncionalidadesRecentes_PatternMatching", "D17_FuncionalidadesRecentes_PatternMatching\D17_FuncionalidadesRecentes_PatternMatching\D17_FuncionalidadesRecentes_PatternMatching.csproj", "{5FACC695-242F-4C11-9B52-A2D99AF0C830}"
EndProject
Project("{FAE04EC0-301F-11D3-BF4B-00C04F79EFBC}") = "D18_FuncionalidadesRecentes_AnonymousFunctions", "D18_FuncionalidadesRecentes_AnonymousFunctions\D18_FuncionalidadesRecentes_AnonymousFunctions\D18_FuncionalidadesRecentes_AnonymousFunctions.csproj", "{61D2EA4C-91FE-40CE-B1F0-A994D52F4DAE}"
EndProject
Project("{FAE04EC0-301F-11D3-BF4B-00C04F79EFBC}") = "D19_FuncionalidadesRecentes_LocalFunctions", "D19_FuncionalidadesRecentes_LocalFunctions\D19_FuncionalidadesRecentes_LocalFunctions\D19_FuncionalidadesRecentes_LocalFunctions.csproj", "{B2FADE40-C28E-4199-8574-E56E24C10382}"
EndProject
Project("{FAE04EC0-301F-11D3-BF4B-00C04F79EFBC}") = "D20_FuncionalidadesRecentes_Discards", "D20_FuncionalidadesRecentes_Discards\D20_FuncionalidadesRecentes_Discards\D20_FuncionalidadesRecentes_Discards.csproj", "{59F3BDF7-7431-4573-8D75-D3F9EFECD024}"
EndProject
Project("{FAE04EC0-301F-11D3-BF4B-00C04F79EFBC}") = "E04_FuncionalidadesRecentes", "E04_FuncionalidadesRecentes\E04_FuncionalidadesRecentes.csproj", "{98EEA864-F18F-464B-8BFD-9A0291C65E7F}"
EndProject
Project("{FAE04EC0-301F-11D3-BF4B-00C04F79EFBC}") = "D21_SOLID_01_SRP", "D21_SOLID_01_SRP\D21_SOLID_01_SRP.csproj", "{79138871-C0AD-44F0-8443-949A8C4C7DCB}"
EndProject
Project("{FAE04EC0-301F-11D3-BF4B-00C04F79EFBC}") = "D21_SOLID_02_OCP", "D21_SOLID_02_OCP\D21_SOLID_02_OCP.csproj", "{E04909B7-92B5-44B7-BE00-C7AD0474B9BF}"
EndProject
Project("{FAE04EC0-301F-11D3-BF4B-00C04F79EFBC}") = "D21_SOLID_03_LSP", "D21_SOLID_03_LSP\D21_SOLID_03_LSP.csproj", "{BCC27B9B-1AE9-4738-92DB-37286335E6BC}"
EndProject
Project("{FAE04EC0-301F-11D3-BF4B-00C04F79EFBC}") = "D21_SOLID_05_DIP", "D21_SOLID_05-DIP\D21_SOLID_05-DIP\D21_SOLID_05_DIP.csproj", "{9B6EACD9-ACF5-41BB-9BF8-48BBA6090956}"
EndProject
Global
	GlobalSection(SolutionConfigurationPlatforms) = preSolution
		Debug|Any CPU = Debug|Any CPU
		Release|Any CPU = Release|Any CPU
	EndGlobalSection
	GlobalSection(ProjectConfigurationPlatforms) = postSolution
		{F3B0CF8A-75A9-4723-96CE-51462761B3D2}.Debug|Any CPU.ActiveCfg = Debug|Any CPU
		{F3B0CF8A-75A9-4723-96CE-51462761B3D2}.Debug|Any CPU.Build.0 = Debug|Any CPU
		{F3B0CF8A-75A9-4723-96CE-51462761B3D2}.Release|Any CPU.ActiveCfg = Release|Any CPU
		{F3B0CF8A-75A9-4723-96CE-51462761B3D2}.Release|Any CPU.Build.0 = Release|Any CPU
		{1020C8A5-3B32-4443-ADA7-C09678972CD7}.Debug|Any CPU.ActiveCfg = Debug|Any CPU
		{1020C8A5-3B32-4443-ADA7-C09678972CD7}.Debug|Any CPU.Build.0 = Debug|Any CPU
		{1020C8A5-3B32-4443-ADA7-C09678972CD7}.Release|Any CPU.ActiveCfg = Release|Any CPU
		{1020C8A5-3B32-4443-ADA7-C09678972CD7}.Release|Any CPU.Build.0 = Release|Any CPU
		{8B6B1E36-F0BA-4F98-83BE-793757C00AA0}.Debug|Any CPU.ActiveCfg = Debug|Any CPU
		{8B6B1E36-F0BA-4F98-83BE-793757C00AA0}.Debug|Any CPU.Build.0 = Debug|Any CPU
		{8B6B1E36-F0BA-4F98-83BE-793757C00AA0}.Release|Any CPU.ActiveCfg = Release|Any CPU
		{8B6B1E36-F0BA-4F98-83BE-793757C00AA0}.Release|Any CPU.Build.0 = Release|Any CPU
		{C316DB08-EB1B-4100-94D7-A86CA638A753}.Debug|Any CPU.ActiveCfg = Debug|Any CPU
		{C316DB08-EB1B-4100-94D7-A86CA638A753}.Debug|Any CPU.Build.0 = Debug|Any CPU
		{C316DB08-EB1B-4100-94D7-A86CA638A753}.Release|Any CPU.ActiveCfg = Release|Any CPU
		{C316DB08-EB1B-4100-94D7-A86CA638A753}.Release|Any CPU.Build.0 = Release|Any CPU
		{B67B8449-0BB7-4AB6-92AA-4E8F5C302BA7}.Debug|Any CPU.ActiveCfg = Debug|Any CPU
		{B67B8449-0BB7-4AB6-92AA-4E8F5C302BA7}.Debug|Any CPU.Build.0 = Debug|Any CPU
		{B67B8449-0BB7-4AB6-92AA-4E8F5C302BA7}.Release|Any CPU.ActiveCfg = Release|Any CPU
		{B67B8449-0BB7-4AB6-92AA-4E8F5C302BA7}.Release|Any CPU.Build.0 = Release|Any CPU
		{C17D3294-2592-4B16-99D7-E379B50E6DDA}.Debug|Any CPU.ActiveCfg = Debug|Any CPU
		{C17D3294-2592-4B16-99D7-E379B50E6DDA}.Debug|Any CPU.Build.0 = Debug|Any CPU
		{C17D3294-2592-4B16-99D7-E379B50E6DDA}.Release|Any CPU.ActiveCfg = Release|Any CPU
		{C17D3294-2592-4B16-99D7-E379B50E6DDA}.Release|Any CPU.Build.0 = Release|Any CPU
		{8391F2DD-E42D-4E91-AEA5-08AAB27F8C5F}.Debug|Any CPU.ActiveCfg = Debug|Any CPU
		{8391F2DD-E42D-4E91-AEA5-08AAB27F8C5F}.Debug|Any CPU.Build.0 = Debug|Any CPU
		{8391F2DD-E42D-4E91-AEA5-08AAB27F8C5F}.Release|Any CPU.ActiveCfg = Release|Any CPU
		{8391F2DD-E42D-4E91-AEA5-08AAB27F8C5F}.Release|Any CPU.Build.0 = Release|Any CPU
		{2CC02468-D1AE-4237-AFD7-A2F446972BCC}.Debug|Any CPU.ActiveCfg = Debug|Any CPU
		{2CC02468-D1AE-4237-AFD7-A2F446972BCC}.Debug|Any CPU.Build.0 = Debug|Any CPU
		{2CC02468-D1AE-4237-AFD7-A2F446972BCC}.Release|Any CPU.ActiveCfg = Release|Any CPU
		{2CC02468-D1AE-4237-AFD7-A2F446972BCC}.Release|Any CPU.Build.0 = Release|Any CPU
		{3B76E3BB-83DF-4BA9-ACC4-A8494F10EA5E}.Debug|Any CPU.ActiveCfg = Debug|Any CPU
		{3B76E3BB-83DF-4BA9-ACC4-A8494F10EA5E}.Debug|Any CPU.Build.0 = Debug|Any CPU
		{3B76E3BB-83DF-4BA9-ACC4-A8494F10EA5E}.Release|Any CPU.ActiveCfg = Release|Any CPU
		{3B76E3BB-83DF-4BA9-ACC4-A8494F10EA5E}.Release|Any CPU.Build.0 = Release|Any CPU
		{23A51B86-532C-425F-9AF9-31DB66D1CBCA}.Debug|Any CPU.ActiveCfg = Debug|Any CPU
		{23A51B86-532C-425F-9AF9-31DB66D1CBCA}.Debug|Any CPU.Build.0 = Debug|Any CPU
		{23A51B86-532C-425F-9AF9-31DB66D1CBCA}.Release|Any CPU.ActiveCfg = Release|Any CPU
		{23A51B86-532C-425F-9AF9-31DB66D1CBCA}.Release|Any CPU.Build.0 = Release|Any CPU
		{93731CA4-5511-442A-90D1-5ED62597C9FF}.Debug|Any CPU.ActiveCfg = Debug|Any CPU
		{93731CA4-5511-442A-90D1-5ED62597C9FF}.Debug|Any CPU.Build.0 = Debug|Any CPU
		{93731CA4-5511-442A-90D1-5ED62597C9FF}.Release|Any CPU.ActiveCfg = Release|Any CPU
		{93731CA4-5511-442A-90D1-5ED62597C9FF}.Release|Any CPU.Build.0 = Release|Any CPU
		{A87C2172-BEB5-4BAD-BA36-81D0E451326E}.Debug|Any CPU.ActiveCfg = Debug|Any CPU
		{A87C2172-BEB5-4BAD-BA36-81D0E451326E}.Debug|Any CPU.Build.0 = Debug|Any CPU
		{A87C2172-BEB5-4BAD-BA36-81D0E451326E}.Release|Any CPU.ActiveCfg = Release|Any CPU
		{A87C2172-BEB5-4BAD-BA36-81D0E451326E}.Release|Any CPU.Build.0 = Release|Any CPU
		{AE42AD6C-A5D5-4DB4-935C-4BCC5F1E1176}.Debug|Any CPU.ActiveCfg = Debug|Any CPU
		{AE42AD6C-A5D5-4DB4-935C-4BCC5F1E1176}.Debug|Any CPU.Build.0 = Debug|Any CPU
		{AE42AD6C-A5D5-4DB4-935C-4BCC5F1E1176}.Release|Any CPU.ActiveCfg = Release|Any CPU
		{AE42AD6C-A5D5-4DB4-935C-4BCC5F1E1176}.Release|Any CPU.Build.0 = Release|Any CPU
		{B368C5FA-3395-4ECA-B1C6-08918278C41D}.Debug|Any CPU.ActiveCfg = Debug|Any CPU
		{B368C5FA-3395-4ECA-B1C6-08918278C41D}.Debug|Any CPU.Build.0 = Debug|Any CPU
		{B368C5FA-3395-4ECA-B1C6-08918278C41D}.Release|Any CPU.ActiveCfg = Release|Any CPU
		{B368C5FA-3395-4ECA-B1C6-08918278C41D}.Release|Any CPU.Build.0 = Release|Any CPU
		{EADB02C1-A1AF-4757-B8A0-DF0CEFE33CB7}.Debug|Any CPU.ActiveCfg = Debug|Any CPU
		{EADB02C1-A1AF-4757-B8A0-DF0CEFE33CB7}.Debug|Any CPU.Build.0 = Debug|Any CPU
		{EADB02C1-A1AF-4757-B8A0-DF0CEFE33CB7}.Release|Any CPU.ActiveCfg = Release|Any CPU
		{EADB02C1-A1AF-4757-B8A0-DF0CEFE33CB7}.Release|Any CPU.Build.0 = Release|Any CPU
		{13ABE509-B50B-4F0C-BE84-876F190EC065}.Debug|Any CPU.ActiveCfg = Debug|Any CPU
		{13ABE509-B50B-4F0C-BE84-876F190EC065}.Debug|Any CPU.Build.0 = Debug|Any CPU
		{13ABE509-B50B-4F0C-BE84-876F190EC065}.Release|Any CPU.ActiveCfg = Release|Any CPU
		{13ABE509-B50B-4F0C-BE84-876F190EC065}.Release|Any CPU.Build.0 = Release|Any CPU
		{9B1CCC0E-1EDB-4459-937E-A78E24D6BFE8}.Debug|Any CPU.ActiveCfg = Debug|Any CPU
		{9B1CCC0E-1EDB-4459-937E-A78E24D6BFE8}.Debug|Any CPU.Build.0 = Debug|Any CPU
		{9B1CCC0E-1EDB-4459-937E-A78E24D6BFE8}.Release|Any CPU.ActiveCfg = Release|Any CPU
		{9B1CCC0E-1EDB-4459-937E-A78E24D6BFE8}.Release|Any CPU.Build.0 = Release|Any CPU
		{C461826C-58ED-4338-8B75-1111B24B9D2B}.Debug|Any CPU.ActiveCfg = Debug|Any CPU
		{C461826C-58ED-4338-8B75-1111B24B9D2B}.Debug|Any CPU.Build.0 = Debug|Any CPU
		{C461826C-58ED-4338-8B75-1111B24B9D2B}.Release|Any CPU.ActiveCfg = Release|Any CPU
		{C461826C-58ED-4338-8B75-1111B24B9D2B}.Release|Any CPU.Build.0 = Release|Any CPU
		{005D0AF5-CFC7-40F0-8992-1AA2F903B392}.Debug|Any CPU.ActiveCfg = Debug|Any CPU
		{005D0AF5-CFC7-40F0-8992-1AA2F903B392}.Debug|Any CPU.Build.0 = Debug|Any CPU
		{005D0AF5-CFC7-40F0-8992-1AA2F903B392}.Release|Any CPU.ActiveCfg = Release|Any CPU
		{005D0AF5-CFC7-40F0-8992-1AA2F903B392}.Release|Any CPU.Build.0 = Release|Any CPU
		{A8FC9D28-E91D-4FAF-9BF4-0144F0D004AD}.Debug|Any CPU.ActiveCfg = Debug|Any CPU
		{A8FC9D28-E91D-4FAF-9BF4-0144F0D004AD}.Debug|Any CPU.Build.0 = Debug|Any CPU
		{A8FC9D28-E91D-4FAF-9BF4-0144F0D004AD}.Release|Any CPU.ActiveCfg = Release|Any CPU
		{A8FC9D28-E91D-4FAF-9BF4-0144F0D004AD}.Release|Any CPU.Build.0 = Release|Any CPU
		{5FACC695-242F-4C11-9B52-A2D99AF0C830}.Debug|Any CPU.ActiveCfg = Debug|Any CPU
		{5FACC695-242F-4C11-9B52-A2D99AF0C830}.Debug|Any CPU.Build.0 = Debug|Any CPU
		{5FACC695-242F-4C11-9B52-A2D99AF0C830}.Release|Any CPU.ActiveCfg = Release|Any CPU
		{5FACC695-242F-4C11-9B52-A2D99AF0C830}.Release|Any CPU.Build.0 = Release|Any CPU
		{61D2EA4C-91FE-40CE-B1F0-A994D52F4DAE}.Debug|Any CPU.ActiveCfg = Debug|Any CPU
		{61D2EA4C-91FE-40CE-B1F0-A994D52F4DAE}.Debug|Any CPU.Build.0 = Debug|Any CPU
		{61D2EA4C-91FE-40CE-B1F0-A994D52F4DAE}.Release|Any CPU.ActiveCfg = Release|Any CPU
		{61D2EA4C-91FE-40CE-B1F0-A994D52F4DAE}.Release|Any CPU.Build.0 = Release|Any CPU
		{B2FADE40-C28E-4199-8574-E56E24C10382}.Debug|Any CPU.ActiveCfg = Debug|Any CPU
		{B2FADE40-C28E-4199-8574-E56E24C10382}.Debug|Any CPU.Build.0 = Debug|Any CPU
		{B2FADE40-C28E-4199-8574-E56E24C10382}.Release|Any CPU.ActiveCfg = Release|Any CPU
		{B2FADE40-C28E-4199-8574-E56E24C10382}.Release|Any CPU.Build.0 = Release|Any CPU
		{59F3BDF7-7431-4573-8D75-D3F9EFECD024}.Debug|Any CPU.ActiveCfg = Debug|Any CPU
		{59F3BDF7-7431-4573-8D75-D3F9EFECD024}.Debug|Any CPU.Build.0 = Debug|Any CPU
		{59F3BDF7-7431-4573-8D75-D3F9EFECD024}.Release|Any CPU.ActiveCfg = Release|Any CPU
		{59F3BDF7-7431-4573-8D75-D3F9EFECD024}.Release|Any CPU.Build.0 = Release|Any CPU
		{98EEA864-F18F-464B-8BFD-9A0291C65E7F}.Debug|Any CPU.ActiveCfg = Debug|Any CPU
		{98EEA864-F18F-464B-8BFD-9A0291C65E7F}.Debug|Any CPU.Build.0 = Debug|Any CPU
		{98EEA864-F18F-464B-8BFD-9A0291C65E7F}.Release|Any CPU.ActiveCfg = Release|Any CPU
		{98EEA864-F18F-464B-8BFD-9A0291C65E7F}.Release|Any CPU.Build.0 = Release|Any CPU
		{79138871-C0AD-44F0-8443-949A8C4C7DCB}.Debug|Any CPU.ActiveCfg = Debug|Any CPU
		{79138871-C0AD-44F0-8443-949A8C4C7DCB}.Debug|Any CPU.Build.0 = Debug|Any CPU
		{79138871-C0AD-44F0-8443-949A8C4C7DCB}.Release|Any CPU.ActiveCfg = Release|Any CPU
		{79138871-C0AD-44F0-8443-949A8C4C7DCB}.Release|Any CPU.Build.0 = Release|Any CPU
		{E04909B7-92B5-44B7-BE00-C7AD0474B9BF}.Debug|Any CPU.ActiveCfg = Debug|Any CPU
		{E04909B7-92B5-44B7-BE00-C7AD0474B9BF}.Debug|Any CPU.Build.0 = Debug|Any CPU
		{E04909B7-92B5-44B7-BE00-C7AD0474B9BF}.Release|Any CPU.ActiveCfg = Release|Any CPU
		{E04909B7-92B5-44B7-BE00-C7AD0474B9BF}.Release|Any CPU.Build.0 = Release|Any CPU
		{BCC27B9B-1AE9-4738-92DB-37286335E6BC}.Debug|Any CPU.ActiveCfg = Debug|Any CPU
		{BCC27B9B-1AE9-4738-92DB-37286335E6BC}.Debug|Any CPU.Build.0 = Debug|Any CPU
		{BCC27B9B-1AE9-4738-92DB-37286335E6BC}.Release|Any CPU.ActiveCfg = Release|Any CPU
		{BCC27B9B-1AE9-4738-92DB-37286335E6BC}.Release|Any CPU.Build.0 = Release|Any CPU
		{9B6EACD9-ACF5-41BB-9BF8-48BBA6090956}.Debug|Any CPU.ActiveCfg = Debug|Any CPU
		{9B6EACD9-ACF5-41BB-9BF8-48BBA6090956}.Debug|Any CPU.Build.0 = Debug|Any CPU
		{9B6EACD9-ACF5-41BB-9BF8-48BBA6090956}.Release|Any CPU.ActiveCfg = Release|Any CPU
		{9B6EACD9-ACF5-41BB-9BF8-48BBA6090956}.Release|Any CPU.Build.0 = Release|Any CPU
	EndGlobalSection
	GlobalSection(SolutionProperties) = preSolution
		HideSolutionNode = FALSE
	EndGlobalSection
	GlobalSection(ExtensibilityGlobals) = postSolution
		SolutionGuid = {90B0042C-A014-4763-9A6A-BCFD11AC7C5E}
	EndGlobalSection
EndGlobal
